
Microsoft Visual Studio Solution File, Format Version 12.00
# Visual Studio Version 17
VisualStudioVersion = 17.1.32228.430
MinimumVisualStudioVersion = 10.0.40219.1
Project("{9A19103F-16F7-4668-BE54-9A1E7A4F7556}") = "Make.ConsoleApp", "Make.ConsoleApp\Make.ConsoleApp.csproj", "{DA679F60-C137-4246-B187-B5D50CC04C33}"
EndProject
Project("{9A19103F-16F7-4668-BE54-9A1E7A4F7556}") = "Make.Domain", "Core\Make.Domain\Make.Domain.csproj", "{489E2152-0030-4F4F-980B-60215C8A33E0}"
EndProject
Project("{9A19103F-16F7-4668-BE54-9A1E7A4F7556}") = "Make.Utilities", "Utils\Make.Utilities\Make.Utilities.csproj", "{A623D5AF-ABBA-48D2-B3CD-6AFD6F61C100}"
EndProject
Project("{2150E333-8FDC-42A3-9474-1A3956D46DE8}") = "Core", "Core", "{E4665835-1906-4E39-AE8A-BCADCDF878EC}"
EndProject
Project("{9A19103F-16F7-4668-BE54-9A1E7A4F7556}") = "Make.Application", "Core\Make.Application\Make.Application.csproj", "{2EA48CB9-3C84-48C9-A125-C4CE8D6D5789}"
EndProject
Project("{2150E333-8FDC-42A3-9474-1A3956D46DE8}") = "Modules", "Modules", "{082F2229-90DB-4B0A-A649-A0BBA6076BD2}"
EndProject
Project("{2150E333-8FDC-42A3-9474-1A3956D46DE8}") = "Utils", "Utils", "{133DCFCE-9BD0-482F-9E1A-DD1DCB98CFA2}"
	ProjectSection(SolutionItems) = preProject
		Directory.Build.props = Directory.Build.props
	EndProjectSection
EndProject
Project("{2150E333-8FDC-42A3-9474-1A3956D46DE8}") = "DataAccess", "DataAccess", "{0C303A68-B510-409D-B089-737CCB000260}"
EndProject
Project("{9A19103F-16F7-4668-BE54-9A1E7A4F7556}") = "Make.DataAccess", "DataAccess\Make.DataAccess\Make.DataAccess.csproj", "{E9E9DA56-FC36-443F-A976-0415741C9957}"
EndProject
Project("{9A19103F-16F7-4668-BE54-9A1E7A4F7556}") = "Make.DataAccess.InMemory", "DataAccess\Make.DataAccess.InMemory\Make.DataAccess.InMemory.csproj", "{656638E1-9C35-48D6-BD0E-7AAF36C9C4F1}"
EndProject
Project("{9A19103F-16F7-4668-BE54-9A1E7A4F7556}") = "Make.Application.API", "Core\Make.Application.API\Make.Application.API.csproj", "{B5409224-AE99-4724-971D-8424E3632604}"
EndProject
Project("{9A19103F-16F7-4668-BE54-9A1E7A4F7556}") = "Make.ImportJobs", "Modules\Make.ImportJobs\Make.ImportJobs.csproj", "{C9B89B27-DECA-47AF-B510-5FF0A1E94725}"
EndProject
Project("{9A19103F-16F7-4668-BE54-9A1E7A4F7556}") = "Make.ImportJobs.FromFile", "Modules\Make.ImportJobs.FromFile\Make.ImportJobs.FromFile.csproj", "{737AE6C3-A408-4DFC-99AE-C08FE036DF81}"
EndProject
Global
	GlobalSection(SolutionConfigurationPlatforms) = preSolution
		Debug|Any CPU = Debug|Any CPU
		Release|Any CPU = Release|Any CPU
	EndGlobalSection
	GlobalSection(ProjectConfigurationPlatforms) = postSolution
		{DA679F60-C137-4246-B187-B5D50CC04C33}.Debug|Any CPU.ActiveCfg = Debug|Any CPU
		{DA679F60-C137-4246-B187-B5D50CC04C33}.Debug|Any CPU.Build.0 = Debug|Any CPU
		{DA679F60-C137-4246-B187-B5D50CC04C33}.Release|Any CPU.ActiveCfg = Release|Any CPU
		{DA679F60-C137-4246-B187-B5D50CC04C33}.Release|Any CPU.Build.0 = Release|Any CPU
		{489E2152-0030-4F4F-980B-60215C8A33E0}.Debug|Any CPU.ActiveCfg = Debug|Any CPU
		{489E2152-0030-4F4F-980B-60215C8A33E0}.Debug|Any CPU.Build.0 = Debug|Any CPU
		{489E2152-0030-4F4F-980B-60215C8A33E0}.Release|Any CPU.ActiveCfg = Release|Any CPU
		{489E2152-0030-4F4F-980B-60215C8A33E0}.Release|Any CPU.Build.0 = Release|Any CPU
		{A623D5AF-ABBA-48D2-B3CD-6AFD6F61C100}.Debug|Any CPU.ActiveCfg = Debug|Any CPU
		{A623D5AF-ABBA-48D2-B3CD-6AFD6F61C100}.Debug|Any CPU.Build.0 = Debug|Any CPU
		{A623D5AF-ABBA-48D2-B3CD-6AFD6F61C100}.Release|Any CPU.ActiveCfg = Release|Any CPU
		{A623D5AF-ABBA-48D2-B3CD-6AFD6F61C100}.Release|Any CPU.Build.0 = Release|Any CPU
		{2EA48CB9-3C84-48C9-A125-C4CE8D6D5789}.Debug|Any CPU.ActiveCfg = Debug|Any CPU
		{2EA48CB9-3C84-48C9-A125-C4CE8D6D5789}.Debug|Any CPU.Build.0 = Debug|Any CPU
		{2EA48CB9-3C84-48C9-A125-C4CE8D6D5789}.Release|Any CPU.ActiveCfg = Release|Any CPU
		{2EA48CB9-3C84-48C9-A125-C4CE8D6D5789}.Release|Any CPU.Build.0 = Release|Any CPU
		{E9E9DA56-FC36-443F-A976-0415741C9957}.Debug|Any CPU.ActiveCfg = Debug|Any CPU
		{E9E9DA56-FC36-443F-A976-0415741C9957}.Debug|Any CPU.Build.0 = Debug|Any CPU
		{E9E9DA56-FC36-443F-A976-0415741C9957}.Release|Any CPU.ActiveCfg = Release|Any CPU
		{E9E9DA56-FC36-443F-A976-0415741C9957}.Release|Any CPU.Build.0 = Release|Any CPU
		{656638E1-9C35-48D6-BD0E-7AAF36C9C4F1}.Debug|Any CPU.ActiveCfg = Debug|Any CPU
		{656638E1-9C35-48D6-BD0E-7AAF36C9C4F1}.Debug|Any CPU.Build.0 = Debug|Any CPU
		{656638E1-9C35-48D6-BD0E-7AAF36C9C4F1}.Release|Any CPU.ActiveCfg = Release|Any CPU
		{656638E1-9C35-48D6-BD0E-7AAF36C9C4F1}.Release|Any CPU.Build.0 = Release|Any CPU
		{B5409224-AE99-4724-971D-8424E3632604}.Debug|Any CPU.ActiveCfg = Debug|Any CPU
		{B5409224-AE99-4724-971D-8424E3632604}.Debug|Any CPU.Build.0 = Debug|Any CPU
		{B5409224-AE99-4724-971D-8424E3632604}.Release|Any CPU.ActiveCfg = Release|Any CPU
		{B5409224-AE99-4724-971D-8424E3632604}.Release|Any CPU.Build.0 = Release|Any CPU
		{C9B89B27-DECA-47AF-B510-5FF0A1E94725}.Debug|Any CPU.ActiveCfg = Debug|Any CPU
		{C9B89B27-DECA-47AF-B510-5FF0A1E94725}.Debug|Any CPU.Build.0 = Debug|Any CPU
		{C9B89B27-DECA-47AF-B510-5FF0A1E94725}.Release|Any CPU.ActiveCfg = Release|Any CPU
		{C9B89B27-DECA-47AF-B510-5FF0A1E94725}.Release|Any CPU.Build.0 = Release|Any CPU
		{737AE6C3-A408-4DFC-99AE-C08FE036DF81}.Debug|Any CPU.ActiveCfg = Debug|Any CPU
		{737AE6C3-A408-4DFC-99AE-C08FE036DF81}.Debug|Any CPU.Build.0 = Debug|Any CPU
		{737AE6C3-A408-4DFC-99AE-C08FE036DF81}.Release|Any CPU.ActiveCfg = Release|Any CPU
		{737AE6C3-A408-4DFC-99AE-C08FE036DF81}.Release|Any CPU.Build.0 = Release|Any CPU
	EndGlobalSection
	GlobalSection(SolutionProperties) = preSolution
		HideSolutionNode = FALSE
	EndGlobalSection
	GlobalSection(NestedProjects) = preSolution
		{489E2152-0030-4F4F-980B-60215C8A33E0} = {E4665835-1906-4E39-AE8A-BCADCDF878EC}
		{A623D5AF-ABBA-48D2-B3CD-6AFD6F61C100} = {133DCFCE-9BD0-482F-9E1A-DD1DCB98CFA2}
		{2EA48CB9-3C84-48C9-A125-C4CE8D6D5789} = {E4665835-1906-4E39-AE8A-BCADCDF878EC}
		{E9E9DA56-FC36-443F-A976-0415741C9957} = {0C303A68-B510-409D-B089-737CCB000260}
		{656638E1-9C35-48D6-BD0E-7AAF36C9C4F1} = {0C303A68-B510-409D-B089-737CCB000260}
		{B5409224-AE99-4724-971D-8424E3632604} = {E4665835-1906-4E39-AE8A-BCADCDF878EC}
		{C9B89B27-DECA-47AF-B510-5FF0A1E94725} = {082F2229-90DB-4B0A-A649-A0BBA6076BD2}
		{737AE6C3-A408-4DFC-99AE-C08FE036DF81} = {082F2229-90DB-4B0A-A649-A0BBA6076BD2}
	EndGlobalSection
	GlobalSection(ExtensibilityGlobals) = postSolution
		SolutionGuid = {664D90D4-26CF-46DE-B757-5FF79242F77E}
	EndGlobalSection
EndGlobal
